version: 3
metadata:
  content_hash:
    win-64: e90c2ee71ad70fc0a1c8302029533a7d1498f2bffcd0eaa8d2934700e775dc1d
  channels:
  - url: https://conda.anaconda.org/conda-forge/
    used_env_vars: []
  platforms:
  - win-64
  sources: []
  time_metadata: null
  git_metadata: null
  inputs_metadata: null
  custom_metadata: null
package:
- platform: win-64
  name: bzip2
  version: 1.0.8
  category: main
  manager: conda
  dependencies:
  - ucrt >=10.0.20348.0
  - vc >=14.2,<15
  - vc14_runtime >=14.29.30139
  url: https://conda.anaconda.org/conda-forge/win-64/bzip2-1.0.8-hcfcfb64_5.conda
  hash:
    md5: 26eb8ca6ea332b675e11704cce84a3be
    sha256: ae5f47a5c86fd6db822931255dcf017eb12f60c77f07dc782ccb477f7808aab2
  build: hcfcfb64_5
  arch: x86_64
  subdir: win-64
  build_number: 5
  license: bzip2-1.0.6
  license_family: BSD
  size: 124580
  timestamp: 1699280668742
- platform: win-64
  name: ca-certificates
  version: 2023.11.17
  category: main
  manager: conda
  dependencies: []
  url: https://conda.anaconda.org/conda-forge/win-64/ca-certificates-2023.11.17-h56e8100_0.conda
  hash:
    md5: 1163114b483f26761f993c709e65271f
    sha256: c6177e2a4967db7a4e929c6ecd2fafde36e489dbeda23ceda640f4915cb0e877
  build: h56e8100_0
  arch: x86_64
  subdir: win-64
  build_number: 0
  license: ISC
  size: 154700
  timestamp: 1700281021312
- platform: win-64
  name: intel-openmp
  version: 2023.2.0
  category: main
  manager: conda
  dependencies: []
  url: https://conda.anaconda.org/conda-forge/win-64/intel-openmp-2023.2.0-h57928b3_50497.conda
  hash:
    md5: a401f3cae152deb75bbed766a90a6312
    sha256: dd9fded25ebe5c66af30ac6e3685146efdc2d7787035f01bfb546b347f138f6f
  build: h57928b3_50497
  arch: x86_64
  subdir: win-64
  build_number: 50497
  license: LicenseRef-ProprietaryIntel
  license_family: Proprietary
  size: 2523079
  timestamp: 1698351323119
- platform: win-64
  name: libblas
  version: 3.9.0
  category: main
  manager: conda
  dependencies:
  - mkl 2023.2.0 h6a75c08_50497
  url: https://conda.anaconda.org/conda-forge/win-64/libblas-3.9.0-20_win64_mkl.conda
  hash:
    md5: 6cad6cd2fbdeef4d651b8f752a4da960
    sha256: 34becfe991510be7b9ee05b4ae466c5a26a72af275c3071c1ca7e2308d3f7e64
  build: 20_win64_mkl
  arch: x86_64
  subdir: win-64
  build_number: 20
  constrains:
  - liblapacke 3.9.0 20_win64_mkl
  - blas * mkl
  - liblapack 3.9.0 20_win64_mkl
  - libcblas 3.9.0 20_win64_mkl
  license: BSD-3-Clause
  license_family: BSD
  size: 4981090
  timestamp: 1700569135332
- platform: win-64
  name: libcblas
  version: 3.9.0
  category: main
  manager: conda
  dependencies:
  - libblas 3.9.0 20_win64_mkl
  url: https://conda.anaconda.org/conda-forge/win-64/libcblas-3.9.0-20_win64_mkl.conda
  hash:
    md5: e6d36cfcb2f2dff0f659d2aa0813eb2d
    sha256: e526023ed8e7f6fde43698cd326dd16c8448f29414bab8a9594b33deb57a5347
  build: 20_win64_mkl
  arch: x86_64
  subdir: win-64
  build_number: 20
  constrains:
  - blas * mkl
  - liblapack 3.9.0 20_win64_mkl
  - liblapacke 3.9.0 20_win64_mkl
  license: BSD-3-Clause
  license_family: BSD
  size: 4980937
  timestamp: 1700569208640
- platform: win-64
  name: libexpat
  version: 2.5.0
  category: main
  manager: conda
  dependencies: []
  url: https://conda.anaconda.org/conda-forge/win-64/libexpat-2.5.0-h63175ca_1.conda
  hash:
    md5: 636cc3cbbd2e28bcfd2f73b2044aac2c
    sha256: 794b2a9be72f176a2767c299574d330ffb76b2ed75d7fd20bee3bbadce5886cf
  build: h63175ca_1
  arch: x86_64
  subdir: win-64
  build_number: 1
  constrains:
  - expat 2.5.0.*
  license: MIT
  license_family: MIT
  size: 138689
  timestamp: 1680190844101
- platform: win-64
  name: libffi
  version: 3.4.2
  category: main
  manager: conda
  dependencies:
  - vc >=14.1,<15.0a0
  - vs2015_runtime >=14.16.27012
  url: https://conda.anaconda.org/conda-forge/win-64/libffi-3.4.2-h8ffe710_5.tar.bz2
  hash:
    md5: 2c96d1b6915b408893f9472569dee135
    sha256: 1951ab740f80660e9bc07d2ed3aefb874d78c107264fd810f24a1a6211d4b1a5
  build: h8ffe710_5
  arch: x86_64
  subdir: win-64
  build_number: 5
  license: MIT
  license_family: MIT
  size: 42063
  timestamp: 1636489106777
- platform: win-64
  name: libhwloc
  version: 2.9.3
  category: main
  manager: conda
  dependencies:
  - libxml2 >=2.11.5,<2.12.0a0
  - pthreads-win32
  - ucrt >=10.0.20348.0
  - vc >=14.2,<15
  - vc14_runtime >=14.29.30139
  url: https://conda.anaconda.org/conda-forge/win-64/libhwloc-2.9.3-default_haede6df_1009.conda
  hash:
    md5: 87da045f6d26ce9fe20ad76a18f6a18a
    sha256: 2e8c4bb7173f281a8e13f333a23c9fb7a1c86d342d7dccdd74f2eb583ddde450
  build: default_haede6df_1009
  arch: x86_64
  subdir: win-64
  build_number: 1009
  license: BSD-3-Clause
  license_family: BSD
  size: 2578462
  timestamp: 1694533393675
- platform: win-64
  name: libiconv
  version: '1.17'
  category: main
  manager: conda
  dependencies:
  - vc >=14.1,<15
  - vs2015_runtime >=14.16.27033
  url: https://conda.anaconda.org/conda-forge/win-64/libiconv-1.17-h8ffe710_0.tar.bz2
  hash:
    md5: 050119977a86e4856f0416e2edcf81bb
    sha256: 657c2a992c896475021a25faebd9ccfaa149c5d70c7dc824d4069784b686cea1
  build: h8ffe710_0
  arch: x86_64
  subdir: win-64
  build_number: 0
  license: GPL and LGPL
  size: 714518
  timestamp: 1652702326553
- platform: win-64
  name: liblapack
  version: 3.9.0
  category: main
  manager: conda
  dependencies:
  - libblas 3.9.0 20_win64_mkl
  url: https://conda.anaconda.org/conda-forge/win-64/liblapack-3.9.0-20_win64_mkl.conda
  hash:
    md5: 9510d07424d70fcac553d86b3e4a7c14
    sha256: 7627ef580c26e48c3496b5885fd32be4e4db49fa1077eb21235dc638489565f6
  build: 20_win64_mkl
  arch: x86_64
  subdir: win-64
  build_number: 20
  constrains:
  - liblapacke 3.9.0 20_win64_mkl
  - blas * mkl
  - libcblas 3.9.0 20_win64_mkl
  license: BSD-3-Clause
  license_family: BSD
  size: 4980967
  timestamp: 1700569262298
- platform: win-64
  name: libsqlite
  version: 3.44.2
  category: main
  manager: conda
  dependencies:
  - ucrt >=10.0.20348.0
  - vc >=14.2,<15
  - vc14_runtime >=14.29.30139
  url: https://conda.anaconda.org/conda-forge/win-64/libsqlite-3.44.2-hcfcfb64_0.conda
  hash:
    md5: 4a5f5ab56cbf3ccd08d71a1168061213
    sha256: 25bfcf79ec863c2c0f0b3599981e2eac57efc5302faf2bb84f68c3f0faa55d1c
  build: hcfcfb64_0
  arch: x86_64
  subdir: win-64
  build_number: 0
  license: Unlicense
  size: 853171
  timestamp: 1700863704859
- platform: win-64
  name: libxml2
  version: 2.11.6
  category: main
  manager: conda
  dependencies:
  - libiconv >=1.17,<2.0a0
  - libzlib >=1.2.13,<1.3.0a0
  - ucrt >=10.0.20348.0
  - vc >=14.2,<15
  - vc14_runtime >=14.29.30139
  url: https://conda.anaconda.org/conda-forge/win-64/libxml2-2.11.6-hc3477c8_0.conda
  hash:
    md5: 08ffbb4c22dd3622e122058368f8b708
    sha256: 6ed853ef69bf43998eacc6fd022d7ac170d9e2d3d273b0be0dc3da593fb0fc90
  build: hc3477c8_0
  arch: x86_64
  subdir: win-64
  build_number: 0
  license: MIT
  license_family: MIT
  size: 1627582
  timestamp: 1700245325646
- platform: win-64
  name: libzlib
  version: 1.2.13
  category: main
  manager: conda
  dependencies:
  - ucrt >=10.0.20348.0
  - vc >=14.2,<15
  - vc14_runtime >=14.29.30139
  url: https://conda.anaconda.org/conda-forge/win-64/libzlib-1.2.13-hcfcfb64_5.conda
  hash:
    md5: 5fdb9c6a113b6b6cb5e517fd972d5f41
    sha256: c161822ee8130b71e08b6d282b9919c1de2c5274b29921a867bca0f7d30cad26
  build: hcfcfb64_5
  arch: x86_64
  subdir: win-64
  build_number: 5
  constrains:
  - zlib 1.2.13 *_5
  license: Zlib
  license_family: Other
  size: 55800
  timestamp: 1686575452215
- platform: win-64
  name: mkl
  version: 2023.2.0
  category: main
  manager: conda
  dependencies:
  - intel-openmp 2023.*
  - tbb 2021.*
  url: https://conda.anaconda.org/conda-forge/win-64/mkl-2023.2.0-h6a75c08_50497.conda
  hash:
    md5: 064cea9f45531e7b53584acf4bd8b044
    sha256: 46ec9e767279da219398b6e79c8fa95822b2ed3c8e02ab604615b7d1213a5d5a
  build: h6a75c08_50497
  arch: x86_64
  subdir: win-64
  build_number: 50497
  license: LicenseRef-ProprietaryIntel
  license_family: Proprietary
  size: 144666110
  timestamp: 1698352013664
- platform: win-64
  name: numpy
  version: 1.26.2
  category: main
  manager: conda
  dependencies:
  - libblas >=3.9.0,<4.0a0
  - libcblas >=3.9.0,<4.0a0
  - liblapack >=3.9.0,<4.0a0
  - python >=3.12,<3.13.0a0
  - python_abi 3.12.* *_cp312
  - ucrt >=10.0.20348.0
  - vc >=14.2,<15
  - vc14_runtime >=14.29.30139
  url: https://conda.anaconda.org/conda-forge/win-64/numpy-1.26.2-py312h8753938_0.conda
  hash:
    md5: d02be9e6d2465d2161a091c8adaf8446
    sha256: e3a274eec986bd606630a86b63519773939a2def83fac85983ecd5a71b2bac85
  build: py312h8753938_0
  arch: x86_64
  subdir: win-64
  build_number: 0
  constrains:
  - numpy-base <0a0
  license: BSD-3-Clause
  license_family: BSD
  size: 6393785
  timestamp: 1700875379700
- platform: win-64
  name: openssl
  version: 3.2.0
  category: main
  manager: conda
  dependencies:
  - ca-certificates
  - ucrt >=10.0.20348.0
  - vc >=14.2,<15
  - vc14_runtime >=14.29.30139
  url: https://conda.anaconda.org/conda-forge/win-64/openssl-3.2.0-hcfcfb64_1.conda
  hash:
    md5: d10167022f99bad12ee07dea022d5830
    sha256: 373b9671173ef3413d2a95f3781176b818db904ba82298f8447b9658d71e2cc9
  build: hcfcfb64_1
  arch: x86_64
  subdir: win-64
  build_number: 1
  constrains:
  - pyopenssl >=22.1
  license: Apache-2.0
  license_family: Apache
  size: 8248125
  timestamp: 1701164404616
- platform: win-64
  name: pandas
  version: 2.1.3
  category: main
  manager: conda
  dependencies:
  - numpy >=1.26.0,<2.0a0
  - python >=3.12,<3.13.0a0
  - python-dateutil >=2.8.1
  - python-tzdata >=2022a
  - python_abi 3.12.* *_cp312
  - pytz >=2020.1
  - ucrt >=10.0.20348.0
  - vc >=14.2,<15
  - vc14_runtime >=14.29.30139
  url: https://conda.anaconda.org/conda-forge/win-64/pandas-2.1.3-py312h2ab9e98_0.conda
  hash:
    md5: 9719f7ff92b362df61e8e6abf5886742
    sha256: a4207972ce906f6647c48fca868116cc243c87a391307544e3a270c7edb7f317
  build: py312h2ab9e98_0
  arch: x86_64
  subdir: win-64
  build_number: 0
  license: BSD-3-Clause
  license_family: BSD
  size: 13538431
  timestamp: 1699670949801
- platform: win-64
  name: pthreads-win32
  version: 2.9.1
  category: main
  manager: conda
  dependencies:
  - vc 14.*
  url: https://conda.anaconda.org/conda-forge/win-64/pthreads-win32-2.9.1-hfa6e2cd_3.tar.bz2
  hash:
    md5: e2da8758d7d51ff6aa78a14dfb9dbed4
    sha256: 576a228630a72f25d255a5e345e5f10878e153221a96560f2498040cd6f54005
  build: hfa6e2cd_3
  arch: x86_64
  subdir: win-64
  build_number: 3
  license: LGPL 2
  size: 144301
  timestamp: 1537755684331
- platform: win-64
  name: python
  version: 3.12.0
  category: main
  manager: conda
  dependencies:
  - bzip2 >=1.0.8,<2.0a0
  - libexpat >=2.5.0,<3.0a0
  - libffi >=3.4,<4.0a0
  - libsqlite >=3.43.0,<4.0a0
  - libzlib >=1.2.13,<1.3.0a0
  - openssl >=3.1.3,<4.0a0
  - tk >=8.6.13,<8.7.0a0
  - tzdata
  - ucrt >=10.0.20348.0
  - vc >=14.2,<15
  - vc14_runtime >=14.29.30139
  - xz >=5.2.6,<6.0a0
  url: https://conda.anaconda.org/conda-forge/win-64/python-3.12.0-h2628c8c_0_cpython.conda
  hash:
    md5: defd5d375853a2caff36a19d2d81a28e
    sha256: 90553586879bf328f2f9efb8d8faa958ecba822faf379f0a20c3461467b9b955
  build: h2628c8c_0_cpython
  arch: x86_64
  subdir: win-64
  build_number: 0
  constrains:
  - python_abi 3.12.* *_cp312
  license: Python-2.0
  size: 16140836
  timestamp: 1696321871976
- platform: win-64
  name: python-dateutil
  version: 2.8.2
  category: main
  manager: conda
  dependencies:
  - python >=3.6
  - six >=1.5
  url: https://conda.anaconda.org/conda-forge/noarch/python-dateutil-2.8.2-pyhd8ed1ab_0.tar.bz2
  hash:
    md5: dd999d1cc9f79e67dbb855c8924c7984
    sha256: 54d7785c7678166aa45adeaccfc1d2b8c3c799ca2dc05d4a82bb39b1968bd7da
  build: pyhd8ed1ab_0
  arch: x86_64
  subdir: win-64
  build_number: 0
  license: Apache-2.0
  license_family: APACHE
  noarch: python
  size: 245987
  timestamp: 1626286448716
- platform: win-64
  name: python-tzdata
  version: '2023.3'
  category: main
  manager: conda
  dependencies:
  - python >=3.6
  url: https://conda.anaconda.org/conda-forge/noarch/python-tzdata-2023.3-pyhd8ed1ab_0.conda
  hash:
    md5: 2590495f608a63625e165915fb4e2e34
    sha256: 0108888507014fb24573c31e4deceb61c99e63d37776dddcadd7c89b2ecae0b6
  build: pyhd8ed1ab_0
  arch: x86_64
  subdir: win-64
  build_number: 0
  license: Apache-2.0
  license_family: APACHE
  noarch: python
  size: 143131
  timestamp: 1680081272948
- platform: win-64
  name: python_abi
  version: '3.12'
  category: main
  manager: conda
  dependencies: []
  url: https://conda.anaconda.org/conda-forge/win-64/python_abi-3.12-4_cp312.conda
  hash:
    md5: 17f4ccf6be9ded08bd0a376f489ac1a6
    sha256: 488f8519d04b48f59bd6fde21ebe2d7a527718ff28aac86a8b53aa63658bdef6
  build: 4_cp312
  arch: x86_64
  subdir: win-64
  build_number: 4
  constrains:
  - python 3.12.* *_cpython
  license: BSD-3-Clause
  license_family: BSD
  size: 6785
  timestamp: 1695147430513
- platform: win-64
  name: pytz
  version: 2023.3.post1
  category: main
  manager: conda
  dependencies:
  - python >=3.6
  url: https://conda.anaconda.org/conda-forge/noarch/pytz-2023.3.post1-pyhd8ed1ab_0.conda
  hash:
    md5: c93346b446cd08c169d843ae5fc0da97
    sha256: 6b680e63d69aaf087cd43ca765a23838723ef59b0a328799e6363eb13f52c49e
  build: pyhd8ed1ab_0
  arch: x86_64
  subdir: win-64
  build_number: 0
  license: MIT
  license_family: MIT
  noarch: python
  size: 187454
  timestamp: 1693930444432
- platform: win-64
  name: six
  version: 1.16.0
  category: main
  manager: conda
  dependencies:
  - python
  url: https://conda.anaconda.org/conda-forge/noarch/six-1.16.0-pyh6c4a22f_0.tar.bz2
  hash:
    md5: e5f25f8dbc060e9a8d912e432202afc2
    sha256: a85c38227b446f42c5b90d9b642f2c0567880c15d72492d8da074a59c8f91dd6
  build: pyh6c4a22f_0
  arch: x86_64
  subdir: win-64
  build_number: 0
  license: MIT
  license_family: MIT
  noarch: python
  size: 14259
  timestamp: 1620240338595
- platform: win-64
  name: tbb
  version: 2021.10.0
  category: main
  manager: conda
  dependencies:
  - libhwloc >=2.9.3,<2.9.4.0a0
  - ucrt >=10.0.20348.0
  - vc >=14.2,<15
  - vc14_runtime >=14.29.30139
  url: https://conda.anaconda.org/conda-forge/win-64/tbb-2021.10.0-h91493d7_2.conda
  hash:
    md5: 5b8c97cf8f0e81d6c22c0bda9978790d
    sha256: e55a2f1324f0fc8916ab8d590a3944ba1af62de727bb66e3019cf2744d26e679
  build: h91493d7_2
  arch: x86_64
  subdir: win-64
  build_number: 2
  license: Apache-2.0
  license_family: APACHE
  size: 156566
  timestamp: 1697713986066
- platform: win-64
  name: tk
  version: 8.6.13
  category: main
  manager: conda
  dependencies:
  - ucrt >=10.0.20348.0
  - vc >=14.2,<15
  - vc14_runtime >=14.29.30139
  url: https://conda.anaconda.org/conda-forge/win-64/tk-8.6.13-h5226925_1.conda
  hash:
    md5: fc048363eb8f03cd1737600a5d08aafe
    sha256: 2c4e914f521ccb2718946645108c9bd3fc3216ba69aea20c2c3cedbd8db32bb1
  build: h5226925_1
  arch: x86_64
  subdir: win-64
  build_number: 1
  license: TCL
  license_family: BSD
  size: 3503410
  timestamp: 1699202577803
- platform: win-64
  name: tzdata
  version: 2023c
  category: main
  manager: conda
  dependencies: []
  url: https://conda.anaconda.org/conda-forge/noarch/tzdata-2023c-h71feb2d_0.conda
  hash:
    md5: 939e3e74d8be4dac89ce83b20de2492a
    sha256: 0449138224adfa125b220154408419ec37c06b0b49f63c5954724325903ecf55
  build: h71feb2d_0
  arch: x86_64
  subdir: win-64
  build_number: 0
  license: LicenseRef-Public-Domain
  noarch: generic
  size: 117580
  timestamp: 1680041306008
- platform: win-64
  name: ucrt
  version: 10.0.22621.0
  category: main
  manager: conda
  dependencies: []
  url: https://conda.anaconda.org/conda-forge/win-64/ucrt-10.0.22621.0-h57928b3_0.tar.bz2
  hash:
    md5: 72608f6cd3e5898229c3ea16deb1ac43
    sha256: f29cdaf8712008f6b419b8b1a403923b00ab2504bfe0fb2ba8eb60e72d4f14c6
  build: h57928b3_0
  arch: x86_64
  subdir: win-64
  build_number: 0
  constrains:
  - vs2015_runtime >=14.29.30037
  license: LicenseRef-Proprietary
  license_family: PROPRIETARY
  size: 1283972
  timestamp: 1666630199266
- platform: win-64
  name: vc
  version: '14.3'
  category: main
  manager: conda
  dependencies:
  - vc14_runtime >=14.36.32532
  url: https://conda.anaconda.org/conda-forge/win-64/vc-14.3-h64f974e_17.conda
  hash:
    md5: 67ff6791f235bb606659bf2a5c169191
    sha256: 86ae94bf680980776aa761c2b0909a0ddbe1f817e7eeb8b16a1730f10f8891b6
  build: h64f974e_17
  arch: x86_64
  subdir: win-64
  build_number: 17
  track_features: vc14
  license: BSD-3-Clause
  license_family: BSD
  size: 17176
  timestamp: 1688020629925
- platform: win-64
  name: vc14_runtime
  version: 14.36.32532
  category: main
  manager: conda
  dependencies:
  - ucrt >=10.0.20348.0
  url: https://conda.anaconda.org/conda-forge/win-64/vc14_runtime-14.36.32532-hdcecf7f_17.conda
  hash:
    md5: d0de20f2f3fc806a81b44fcdd941aaf7
    sha256: b317d49af32d5c031828e62c08d56f01d9a64cd3f40d4cccb052bc38c7a9e62e
  build: hdcecf7f_17
  arch: x86_64
  subdir: win-64
  build_number: 17
  constrains:
  - vs2015_runtime 14.36.32532.* *_17
  license: LicenseRef-ProprietaryMicrosoft
  license_family: Proprietary
  size: 739437
  timestamp: 1694292382336
- platform: win-64
  name: vs2015_runtime
  version: 14.36.32532
  category: main
  manager: conda
  dependencies:
  - vc14_runtime >=14.36.32532
  url: https://conda.anaconda.org/conda-forge/win-64/vs2015_runtime-14.36.32532-h05e6639_17.conda
  hash:
    md5: 4618046c39f7c81861e53ded842e738a
    sha256: 5ecbd731dc7f13762d67be0eadc47eb7f14713005e430d9b5fc680e965ac0f81
  build: h05e6639_17
  arch: x86_64
  subdir: win-64
  build_number: 17
  license: BSD-3-Clause
  license_family: BSD
  size: 17207
  timestamp: 1688020635322
- platform: win-64
  name: xz
  version: 5.2.6
  category: main
  manager: conda
  dependencies:
  - vc >=14.1,<15
  - vs2015_runtime >=14.16.27033
  url: https://conda.anaconda.org/conda-forge/win-64/xz-5.2.6-h8d14728_0.tar.bz2
  hash:
    md5: 515d77642eaa3639413c6b1bc3f94219
    sha256: 54d9778f75a02723784dc63aff4126ff6e6749ba21d11a6d03c1f4775f269fe0
  build: h8d14728_0
  arch: x86_64
  subdir: win-64
  build_number: 0
  license: LGPL-2.1 and GPL-2.0
  size: 217804
  timestamp: 1660346976440
